// !$*UTF8*$!
{
	archiveVersion = 1;
	classes = {
	};
	objectVersion = 51;
	objects = {

/* Begin PBXBuildFile section */
		26FA904A25F2925D4289FE68 /* Pods_desafio_ios_gabriel_ferreiraTests.framework in Frameworks */ = {isa = PBXBuildFile; fileRef = F324664B397A548447523141 /* Pods_desafio_ios_gabriel_ferreiraTests.framework */; };
		2A2258D024D232B9004C8738 /* ServiceProtocol.swift in Sources */ = {isa = PBXBuildFile; fileRef = 2A2258CF24D232B9004C8738 /* ServiceProtocol.swift */; };
		2AA6924424D233F000316933 /* ServiceMock.swift in Sources */ = {isa = PBXBuildFile; fileRef = 2AA6924324D233F000316933 /* ServiceMock.swift */; };
		2AA6924624D23D4200316933 /* DesafioCharacterSyncTest.swift in Sources */ = {isa = PBXBuildFile; fileRef = 2AA6924524D23D4200316933 /* DesafioCharacterSyncTest.swift */; };
		2AA6924824D23F1F00316933 /* DesafioAsyncTest.swift in Sources */ = {isa = PBXBuildFile; fileRef = 2AA6924724D23F1F00316933 /* DesafioAsyncTest.swift */; };
		2AB1959424C9EE0A00A5B56C /* AppDelegate.swift in Sources */ = {isa = PBXBuildFile; fileRef = 2AB1959324C9EE0A00A5B56C /* AppDelegate.swift */; };
		2AB1959624C9EE0A00A5B56C /* SceneDelegate.swift in Sources */ = {isa = PBXBuildFile; fileRef = 2AB1959524C9EE0A00A5B56C /* SceneDelegate.swift */; };
		2AB1959824C9EE0A00A5B56C /* ListTableViewController.swift in Sources */ = {isa = PBXBuildFile; fileRef = 2AB1959724C9EE0A00A5B56C /* ListTableViewController.swift */; };
		2AB1959B24C9EE0A00A5B56C /* Main.storyboard in Resources */ = {isa = PBXBuildFile; fileRef = 2AB1959924C9EE0A00A5B56C /* Main.storyboard */; };
		2AB1959D24C9EE0D00A5B56C /* Assets.xcassets in Resources */ = {isa = PBXBuildFile; fileRef = 2AB1959C24C9EE0D00A5B56C /* Assets.xcassets */; };
		2AB195A024C9EE0D00A5B56C /* LaunchScreen.storyboard in Resources */ = {isa = PBXBuildFile; fileRef = 2AB1959E24C9EE0D00A5B56C /* LaunchScreen.storyboard */; };
		2AB195BE24C9F13D00A5B56C /* CharacterTableViewCell.swift in Sources */ = {isa = PBXBuildFile; fileRef = 2AB195BC24C9F13D00A5B56C /* CharacterTableViewCell.swift */; };
		2AB195BF24C9F13D00A5B56C /* CharacterTableViewCell.xib in Resources */ = {isa = PBXBuildFile; fileRef = 2AB195BD24C9F13D00A5B56C /* CharacterTableViewCell.xib */; };
		2AB195C124C9F35100A5B56C /* ListPresenter.swift in Sources */ = {isa = PBXBuildFile; fileRef = 2AB195C024C9F35100A5B56C /* ListPresenter.swift */; };
		2AB195C324CA04D200A5B56C /* Character.swift in Sources */ = {isa = PBXBuildFile; fileRef = 2AB195C224CA04D200A5B56C /* Character.swift */; };
		2AB195C524CB03FE00A5B56C /* Comic.swift in Sources */ = {isa = PBXBuildFile; fileRef = 2AB195C424CB03FE00A5B56C /* Comic.swift */; };
		2AB195C724CB0ADA00A5B56C /* Service.swift in Sources */ = {isa = PBXBuildFile; fileRef = 2AB195C624CB0ADA00A5B56C /* Service.swift */; };
		2AB195C924CB120C00A5B56C /* ConnectErrors.swift in Sources */ = {isa = PBXBuildFile; fileRef = 2AB195C824CB120C00A5B56C /* ConnectErrors.swift */; };
		2AB195CB24CB25EC00A5B56C /* CharacterViewController.swift in Sources */ = {isa = PBXBuildFile; fileRef = 2AB195CA24CB25EC00A5B56C /* CharacterViewController.swift */; };
		2AB195CD24CB26DD00A5B56C /* Character.storyboard in Resources */ = {isa = PBXBuildFile; fileRef = 2AB195CC24CB26DD00A5B56C /* Character.storyboard */; };
		2AB195CF24CB2F9500A5B56C /* Hash.swift in Sources */ = {isa = PBXBuildFile; fileRef = 2AB195CE24CB2F9500A5B56C /* Hash.swift */; };
		2AB195D124CB58E700A5B56C /* DataWrapper.swift in Sources */ = {isa = PBXBuildFile; fileRef = 2AB195D024CB58E700A5B56C /* DataWrapper.swift */; };
		2AB195D324CB598600A5B56C /* DataContainer.swift in Sources */ = {isa = PBXBuildFile; fileRef = 2AB195D224CB598600A5B56C /* DataContainer.swift */; };
		2AB195D524CC891A00A5B56C /* ComicList.swift in Sources */ = {isa = PBXBuildFile; fileRef = 2AB195D424CC891A00A5B56C /* ComicList.swift */; };
		2AB195D724CC8EEC00A5B56C /* CharacterPresenter.swift in Sources */ = {isa = PBXBuildFile; fileRef = 2AB195D624CC8EEC00A5B56C /* CharacterPresenter.swift */; };
		2AB195D924CCA63F00A5B56C /* DataType.swift in Sources */ = {isa = PBXBuildFile; fileRef = 2AB195D824CCA63F00A5B56C /* DataType.swift */; };
		2AB195E124CF18CF00A5B56C /* ComicViewController.swift in Sources */ = {isa = PBXBuildFile; fileRef = 2AB195E024CF18CE00A5B56C /* ComicViewController.swift */; };
		2AB195E324CF18DC00A5B56C /* Comic.storyboard in Resources */ = {isa = PBXBuildFile; fileRef = 2AB195E224CF18DC00A5B56C /* Comic.storyboard */; };
		2AB195E624D098A100A5B56C /* ComicPresenter.swift in Sources */ = {isa = PBXBuildFile; fileRef = 2AB195E524D098A000A5B56C /* ComicPresenter.swift */; };
		2AB195E824D09F4400A5B56C /* Cache.swift in Sources */ = {isa = PBXBuildFile; fileRef = 2AB195E724D09F4400A5B56C /* Cache.swift */; };
		74A13FD3AF3B29EC70340C6A /* Pods_desafio_ios_gabriel_ferreira.framework in Frameworks */ = {isa = PBXBuildFile; fileRef = C8645650039259CE91021F94 /* Pods_desafio_ios_gabriel_ferreira.framework */; };
/* End PBXBuildFile section */

/* Begin PBXContainerItemProxy section */
		2AB195A724C9EE0E00A5B56C /* PBXContainerItemProxy */ = {
			isa = PBXContainerItemProxy;
			containerPortal = 2AB1958824C9EE0A00A5B56C /* Project object */;
			proxyType = 1;
			remoteGlobalIDString = 2AB1958F24C9EE0A00A5B56C;
			remoteInfo = "desafio-ios-gabriel-ferreira";
		};
/* End PBXContainerItemProxy section */

/* Begin PBXFileReference section */
		12D33CBFF154BE6A1AB39C16 /* Pods-desafio-ios-gabriel-ferreiraTests.release.xcconfig */ = {isa = PBXFileReference; includeInIndex = 1; lastKnownFileType = text.xcconfig; name = "Pods-desafio-ios-gabriel-ferreiraTests.release.xcconfig"; path = "Target Support Files/Pods-desafio-ios-gabriel-ferreiraTests/Pods-desafio-ios-gabriel-ferreiraTests.release.xcconfig"; sourceTree = "<group>"; };
		1C2E1EB21591272652EB65EC /* Pods-desafio-ios-gabriel-ferreira.release.xcconfig */ = {isa = PBXFileReference; includeInIndex = 1; lastKnownFileType = text.xcconfig; name = "Pods-desafio-ios-gabriel-ferreira.release.xcconfig"; path = "Target Support Files/Pods-desafio-ios-gabriel-ferreira/Pods-desafio-ios-gabriel-ferreira.release.xcconfig"; sourceTree = "<group>"; };
		2A2258CF24D232B9004C8738 /* ServiceProtocol.swift */ = {isa = PBXFileReference; lastKnownFileType = sourcecode.swift; path = ServiceProtocol.swift; sourceTree = "<group>"; };
		2AA6924324D233F000316933 /* ServiceMock.swift */ = {isa = PBXFileReference; lastKnownFileType = sourcecode.swift; path = ServiceMock.swift; sourceTree = "<group>"; };
		2AA6924524D23D4200316933 /* DesafioCharacterSyncTest.swift */ = {isa = PBXFileReference; lastKnownFileType = sourcecode.swift; path = DesafioCharacterSyncTest.swift; sourceTree = "<group>"; };
		2AA6924724D23F1F00316933 /* DesafioAsyncTest.swift */ = {isa = PBXFileReference; lastKnownFileType = sourcecode.swift; path = DesafioAsyncTest.swift; sourceTree = "<group>"; };
		2AB1959024C9EE0A00A5B56C /* desafio-ios-gabriel-ferreira.app */ = {isa = PBXFileReference; explicitFileType = wrapper.application; includeInIndex = 0; path = "desafio-ios-gabriel-ferreira.app"; sourceTree = BUILT_PRODUCTS_DIR; };
		2AB1959324C9EE0A00A5B56C /* AppDelegate.swift */ = {isa = PBXFileReference; lastKnownFileType = sourcecode.swift; path = AppDelegate.swift; sourceTree = "<group>"; };
		2AB1959524C9EE0A00A5B56C /* SceneDelegate.swift */ = {isa = PBXFileReference; lastKnownFileType = sourcecode.swift; path = SceneDelegate.swift; sourceTree = "<group>"; };
		2AB1959724C9EE0A00A5B56C /* ListTableViewController.swift */ = {isa = PBXFileReference; lastKnownFileType = sourcecode.swift; path = ListTableViewController.swift; sourceTree = "<group>"; };
		2AB1959A24C9EE0A00A5B56C /* Base */ = {isa = PBXFileReference; lastKnownFileType = file.storyboard; name = Base; path = Base.lproj/Main.storyboard; sourceTree = "<group>"; };
		2AB1959C24C9EE0D00A5B56C /* Assets.xcassets */ = {isa = PBXFileReference; lastKnownFileType = folder.assetcatalog; path = Assets.xcassets; sourceTree = "<group>"; };
		2AB1959F24C9EE0D00A5B56C /* Base */ = {isa = PBXFileReference; lastKnownFileType = file.storyboard; name = Base; path = Base.lproj/LaunchScreen.storyboard; sourceTree = "<group>"; };
		2AB195A124C9EE0E00A5B56C /* Info.plist */ = {isa = PBXFileReference; lastKnownFileType = text.plist.xml; path = Info.plist; sourceTree = "<group>"; };
		2AB195A624C9EE0E00A5B56C /* desafio-ios-gabriel-ferreiraTests.xctest */ = {isa = PBXFileReference; explicitFileType = wrapper.cfbundle; includeInIndex = 0; path = "desafio-ios-gabriel-ferreiraTests.xctest"; sourceTree = BUILT_PRODUCTS_DIR; };
		2AB195AC24C9EE0E00A5B56C /* Info.plist */ = {isa = PBXFileReference; lastKnownFileType = text.plist.xml; path = Info.plist; sourceTree = "<group>"; };
		2AB195BC24C9F13D00A5B56C /* CharacterTableViewCell.swift */ = {isa = PBXFileReference; lastKnownFileType = sourcecode.swift; path = CharacterTableViewCell.swift; sourceTree = "<group>"; };
		2AB195BD24C9F13D00A5B56C /* CharacterTableViewCell.xib */ = {isa = PBXFileReference; lastKnownFileType = file.xib; path = CharacterTableViewCell.xib; sourceTree = "<group>"; };
		2AB195C024C9F35100A5B56C /* ListPresenter.swift */ = {isa = PBXFileReference; lastKnownFileType = sourcecode.swift; path = ListPresenter.swift; sourceTree = "<group>"; };
		2AB195C224CA04D200A5B56C /* Character.swift */ = {isa = PBXFileReference; lastKnownFileType = sourcecode.swift; path = Character.swift; sourceTree = "<group>"; };
		2AB195C424CB03FE00A5B56C /* Comic.swift */ = {isa = PBXFileReference; lastKnownFileType = sourcecode.swift; path = Comic.swift; sourceTree = "<group>"; };
		2AB195C624CB0ADA00A5B56C /* Service.swift */ = {isa = PBXFileReference; lastKnownFileType = sourcecode.swift; path = Service.swift; sourceTree = "<group>"; };
		2AB195C824CB120C00A5B56C /* ConnectErrors.swift */ = {isa = PBXFileReference; lastKnownFileType = sourcecode.swift; path = ConnectErrors.swift; sourceTree = "<group>"; };
		2AB195CA24CB25EC00A5B56C /* CharacterViewController.swift */ = {isa = PBXFileReference; lastKnownFileType = sourcecode.swift; path = CharacterViewController.swift; sourceTree = "<group>"; };
		2AB195CC24CB26DD00A5B56C /* Character.storyboard */ = {isa = PBXFileReference; lastKnownFileType = file.storyboard; path = Character.storyboard; sourceTree = "<group>"; };
		2AB195CE24CB2F9500A5B56C /* Hash.swift */ = {isa = PBXFileReference; lastKnownFileType = sourcecode.swift; path = Hash.swift; sourceTree = "<group>"; };
		2AB195D024CB58E700A5B56C /* DataWrapper.swift */ = {isa = PBXFileReference; lastKnownFileType = sourcecode.swift; path = DataWrapper.swift; sourceTree = "<group>"; };
		2AB195D224CB598600A5B56C /* DataContainer.swift */ = {isa = PBXFileReference; lastKnownFileType = sourcecode.swift; path = DataContainer.swift; sourceTree = "<group>"; };
		2AB195D424CC891A00A5B56C /* ComicList.swift */ = {isa = PBXFileReference; lastKnownFileType = sourcecode.swift; path = ComicList.swift; sourceTree = "<group>"; };
		2AB195D624CC8EEC00A5B56C /* CharacterPresenter.swift */ = {isa = PBXFileReference; lastKnownFileType = sourcecode.swift; path = CharacterPresenter.swift; sourceTree = "<group>"; };
		2AB195D824CCA63F00A5B56C /* DataType.swift */ = {isa = PBXFileReference; lastKnownFileType = sourcecode.swift; path = DataType.swift; sourceTree = "<group>"; };
		2AB195E024CF18CE00A5B56C /* ComicViewController.swift */ = {isa = PBXFileReference; lastKnownFileType = sourcecode.swift; path = ComicViewController.swift; sourceTree = "<group>"; };
		2AB195E224CF18DC00A5B56C /* Comic.storyboard */ = {isa = PBXFileReference; lastKnownFileType = file.storyboard; path = Comic.storyboard; sourceTree = "<group>"; };
		2AB195E524D098A000A5B56C /* ComicPresenter.swift */ = {isa = PBXFileReference; lastKnownFileType = sourcecode.swift; path = ComicPresenter.swift; sourceTree = "<group>"; };
		2AB195E724D09F4400A5B56C /* Cache.swift */ = {isa = PBXFileReference; lastKnownFileType = sourcecode.swift; path = Cache.swift; sourceTree = "<group>"; };
		84BD47F08C43CFC63CEF9001 /* Pods-desafio-ios-gabriel-ferreiraTests.debug.xcconfig */ = {isa = PBXFileReference; includeInIndex = 1; lastKnownFileType = text.xcconfig; name = "Pods-desafio-ios-gabriel-ferreiraTests.debug.xcconfig"; path = "Target Support Files/Pods-desafio-ios-gabriel-ferreiraTests/Pods-desafio-ios-gabriel-ferreiraTests.debug.xcconfig"; sourceTree = "<group>"; };
		9A364FEF6E0A6F76B7CF1957 /* Pods-desafio-ios-gabriel-ferreira.debug.xcconfig */ = {isa = PBXFileReference; includeInIndex = 1; lastKnownFileType = text.xcconfig; name = "Pods-desafio-ios-gabriel-ferreira.debug.xcconfig"; path = "Target Support Files/Pods-desafio-ios-gabriel-ferreira/Pods-desafio-ios-gabriel-ferreira.debug.xcconfig"; sourceTree = "<group>"; };
		C8645650039259CE91021F94 /* Pods_desafio_ios_gabriel_ferreira.framework */ = {isa = PBXFileReference; explicitFileType = wrapper.framework; includeInIndex = 0; path = Pods_desafio_ios_gabriel_ferreira.framework; sourceTree = BUILT_PRODUCTS_DIR; };
		F324664B397A548447523141 /* Pods_desafio_ios_gabriel_ferreiraTests.framework */ = {isa = PBXFileReference; explicitFileType = wrapper.framework; includeInIndex = 0; path = Pods_desafio_ios_gabriel_ferreiraTests.framework; sourceTree = BUILT_PRODUCTS_DIR; };
/* End PBXFileReference section */

/* Begin PBXFrameworksBuildPhase section */
		2AB1958D24C9EE0A00A5B56C /* Frameworks */ = {
			isa = PBXFrameworksBuildPhase;
			buildActionMask = 2147483647;
			files = (
				74A13FD3AF3B29EC70340C6A /* Pods_desafio_ios_gabriel_ferreira.framework in Frameworks */,
			);
			runOnlyForDeploymentPostprocessing = 0;
		};
		2AB195A324C9EE0E00A5B56C /* Frameworks */ = {
			isa = PBXFrameworksBuildPhase;
			buildActionMask = 2147483647;
			files = (
				26FA904A25F2925D4289FE68 /* Pods_desafio_ios_gabriel_ferreiraTests.framework in Frameworks */,
			);
			runOnlyForDeploymentPostprocessing = 0;
		};
/* End PBXFrameworksBuildPhase section */

/* Begin PBXGroup section */
		2AA6924924D2626E00316933 /* Sync */ = {
			isa = PBXGroup;
			children = (
				2AA6924324D233F000316933 /* ServiceMock.swift */,
				2AA6924524D23D4200316933 /* DesafioCharacterSyncTest.swift */,
			);
			path = Sync;
			sourceTree = "<group>";
		};
		2AB1958724C9EE0A00A5B56C = {
			isa = PBXGroup;
			children = (
				2AB1959224C9EE0A00A5B56C /* desafio-ios-gabriel-ferreira */,
				2AB195A924C9EE0E00A5B56C /* desafio-ios-gabriel-ferreiraTests */,
				2AB1959124C9EE0A00A5B56C /* Products */,
				332164F10504DB4A5101154C /* Pods */,
				7C3C7102A986790EC35C48B5 /* Frameworks */,
			);
			sourceTree = "<group>";
		};
		2AB1959124C9EE0A00A5B56C /* Products */ = {
			isa = PBXGroup;
			children = (
				2AB1959024C9EE0A00A5B56C /* desafio-ios-gabriel-ferreira.app */,
				2AB195A624C9EE0E00A5B56C /* desafio-ios-gabriel-ferreiraTests.xctest */,
			);
			name = Products;
			sourceTree = "<group>";
		};
		2AB1959224C9EE0A00A5B56C /* desafio-ios-gabriel-ferreira */ = {
			isa = PBXGroup;
			children = (
				2AB195E424CF263700A5B56C /* Service */,
				2AB195B724C9EFCE00A5B56C /* Presenter */,
				2AB195B624C9EFC800A5B56C /* View */,
				2AB195B524C9EFBF00A5B56C /* Model */,
				2AB1959324C9EE0A00A5B56C /* AppDelegate.swift */,
				2AB1959524C9EE0A00A5B56C /* SceneDelegate.swift */,
				2AB1959C24C9EE0D00A5B56C /* Assets.xcassets */,
				2AB1959E24C9EE0D00A5B56C /* LaunchScreen.storyboard */,
				2AB195A124C9EE0E00A5B56C /* Info.plist */,
			);
			path = "desafio-ios-gabriel-ferreira";
			sourceTree = "<group>";
		};
		2AB195A924C9EE0E00A5B56C /* desafio-ios-gabriel-ferreiraTests */ = {
			isa = PBXGroup;
			children = (
				2AE4A72524D27715009E9715 /* Async */,
				2AA6924924D2626E00316933 /* Sync */,
				2AB195AC24C9EE0E00A5B56C /* Info.plist */,
			);
			path = "desafio-ios-gabriel-ferreiraTests";
			sourceTree = "<group>";
		};
		2AB195B524C9EFBF00A5B56C /* Model */ = {
			isa = PBXGroup;
			children = (
				2AB195D424CC891A00A5B56C /* ComicList.swift */,
				2AB195C424CB03FE00A5B56C /* Comic.swift */,
				2AB195D024CB58E700A5B56C /* DataWrapper.swift */,
				2AB195D224CB598600A5B56C /* DataContainer.swift */,
				2AB195C224CA04D200A5B56C /* Character.swift */,
				2AB195D824CCA63F00A5B56C /* DataType.swift */,
				2AB195E724D09F4400A5B56C /* Cache.swift */,
			);
			path = Model;
			sourceTree = "<group>";
		};
		2AB195B624C9EFC800A5B56C /* View */ = {
			isa = PBXGroup;
			children = (
				2AB195BB24C9F10500A5B56C /* CharacterCell */,
				2AB195BA24C9F07900A5B56C /* ComicView */,
				2AB195B924C9F05500A5B56C /* CharacterView */,
				2AB195B824C9F02100A5B56C /* ListView */,
			);
			path = View;
			sourceTree = "<group>";
		};
		2AB195B724C9EFCE00A5B56C /* Presenter */ = {
			isa = PBXGroup;
			children = (
				2AB195C024C9F35100A5B56C /* ListPresenter.swift */,
				2AB195D624CC8EEC00A5B56C /* CharacterPresenter.swift */,
				2AB195E524D098A000A5B56C /* ComicPresenter.swift */,
			);
			path = Presenter;
			sourceTree = "<group>";
		};
		2AB195B824C9F02100A5B56C /* ListView */ = {
			isa = PBXGroup;
			children = (
				2AB1959724C9EE0A00A5B56C /* ListTableViewController.swift */,
				2AB1959924C9EE0A00A5B56C /* Main.storyboard */,
			);
			path = ListView;
			sourceTree = "<group>";
		};
		2AB195B924C9F05500A5B56C /* CharacterView */ = {
			isa = PBXGroup;
			children = (
				2AB195CA24CB25EC00A5B56C /* CharacterViewController.swift */,
				2AB195CC24CB26DD00A5B56C /* Character.storyboard */,
			);
			path = CharacterView;
			sourceTree = "<group>";
		};
		2AB195BA24C9F07900A5B56C /* ComicView */ = {
			isa = PBXGroup;
			children = (
				2AB195E024CF18CE00A5B56C /* ComicViewController.swift */,
				2AB195E224CF18DC00A5B56C /* Comic.storyboard */,
			);
			path = ComicView;
			sourceTree = "<group>";
		};
		2AB195BB24C9F10500A5B56C /* CharacterCell */ = {
			isa = PBXGroup;
			children = (
				2AB195BC24C9F13D00A5B56C /* CharacterTableViewCell.swift */,
				2AB195BD24C9F13D00A5B56C /* CharacterTableViewCell.xib */,
			);
			path = CharacterCell;
			sourceTree = "<group>";
		};
		2AB195E424CF263700A5B56C /* Service */ = {
			isa = PBXGroup;
			children = (
				2AB195C624CB0ADA00A5B56C /* Service.swift */,
				2A2258CF24D232B9004C8738 /* ServiceProtocol.swift */,
				2AB195C824CB120C00A5B56C /* ConnectErrors.swift */,
				2AB195CE24CB2F9500A5B56C /* Hash.swift */,
			);
			path = Service;
			sourceTree = "<group>";
		};
		2AE4A72524D27715009E9715 /* Async */ = {
			isa = PBXGroup;
			children = (
				2AA6924724D23F1F00316933 /* DesafioAsyncTest.swift */,
			);
			path = Async;
			sourceTree = "<group>";
		};
		332164F10504DB4A5101154C /* Pods */ = {
			isa = PBXGroup;
			children = (
				9A364FEF6E0A6F76B7CF1957 /* Pods-desafio-ios-gabriel-ferreira.debug.xcconfig */,
				1C2E1EB21591272652EB65EC /* Pods-desafio-ios-gabriel-ferreira.release.xcconfig */,
				84BD47F08C43CFC63CEF9001 /* Pods-desafio-ios-gabriel-ferreiraTests.debug.xcconfig */,
				12D33CBFF154BE6A1AB39C16 /* Pods-desafio-ios-gabriel-ferreiraTests.release.xcconfig */,
			);
			path = Pods;
			sourceTree = "<group>";
		};
		7C3C7102A986790EC35C48B5 /* Frameworks */ = {
			isa = PBXGroup;
			children = (
				C8645650039259CE91021F94 /* Pods_desafio_ios_gabriel_ferreira.framework */,
				F324664B397A548447523141 /* Pods_desafio_ios_gabriel_ferreiraTests.framework */,
			);
			name = Frameworks;
			sourceTree = "<group>";
		};
/* End PBXGroup section */

/* Begin PBXNativeTarget section */
		2AB1958F24C9EE0A00A5B56C /* desafio-ios-gabriel-ferreira */ = {
			isa = PBXNativeTarget;
			buildConfigurationList = 2AB195AF24C9EE0E00A5B56C /* Build configuration list for PBXNativeTarget "desafio-ios-gabriel-ferreira" */;
			buildPhases = (
				527C070F716BF94D37A37021 /* [CP] Check Pods Manifest.lock */,
				2AB1958C24C9EE0A00A5B56C /* Sources */,
				2AB1958D24C9EE0A00A5B56C /* Frameworks */,
				2AB1958E24C9EE0A00A5B56C /* Resources */,
				08FD875C59D86DAF444A17E9 /* [CP] Embed Pods Frameworks */,
			);
			buildRules = (
			);
			dependencies = (
			);
			name = "desafio-ios-gabriel-ferreira";
			productName = "desafio-ios-gabriel-ferreira";
			productReference = 2AB1959024C9EE0A00A5B56C /* desafio-ios-gabriel-ferreira.app */;
			productType = "com.apple.product-type.application";
		};
		2AB195A524C9EE0E00A5B56C /* desafio-ios-gabriel-ferreiraTests */ = {
			isa = PBXNativeTarget;
			buildConfigurationList = 2AB195B224C9EE0E00A5B56C /* Build configuration list for PBXNativeTarget "desafio-ios-gabriel-ferreiraTests" */;
			buildPhases = (
				1A6D7358978ACA0D529EC006 /* [CP] Check Pods Manifest.lock */,
				2AB195A224C9EE0E00A5B56C /* Sources */,
				2AB195A324C9EE0E00A5B56C /* Frameworks */,
				2AB195A424C9EE0E00A5B56C /* Resources */,
			);
			buildRules = (
			);
			dependencies = (
				2AB195A824C9EE0E00A5B56C /* PBXTargetDependency */,
			);
			name = "desafio-ios-gabriel-ferreiraTests";
			productName = "desafio-ios-gabriel-ferreiraTests";
			productReference = 2AB195A624C9EE0E00A5B56C /* desafio-ios-gabriel-ferreiraTests.xctest */;
			productType = "com.apple.product-type.bundle.unit-test";
		};
/* End PBXNativeTarget section */

/* Begin PBXProject section */
		2AB1958824C9EE0A00A5B56C /* Project object */ = {
			isa = PBXProject;
			attributes = {
				LastSwiftUpdateCheck = 1150;
				LastUpgradeCheck = 1150;
				ORGANIZATIONNAME = "Ribeiro Ferreira";
				TargetAttributes = {
					2AB1958F24C9EE0A00A5B56C = {
						CreatedOnToolsVersion = 11.5;
					};
					2AB195A524C9EE0E00A5B56C = {
						CreatedOnToolsVersion = 11.5;
						TestTargetID = 2AB1958F24C9EE0A00A5B56C;
					};
				};
			};
			buildConfigurationList = 2AB1958B24C9EE0A00A5B56C /* Build configuration list for PBXProject "desafio-ios-gabriel-ferreira" */;
			compatibilityVersion = "Xcode 9.3";
			developmentRegion = en;
			hasScannedForEncodings = 0;
			knownRegions = (
				en,
				Base,
			);
			mainGroup = 2AB1958724C9EE0A00A5B56C;
			productRefGroup = 2AB1959124C9EE0A00A5B56C /* Products */;
			projectDirPath = "";
			projectRoot = "";
			targets = (
				2AB1958F24C9EE0A00A5B56C /* desafio-ios-gabriel-ferreira */,
				2AB195A524C9EE0E00A5B56C /* desafio-ios-gabriel-ferreiraTests */,
			);
		};
/* End PBXProject section */

/* Begin PBXResourcesBuildPhase section */
		2AB1958E24C9EE0A00A5B56C /* Resources */ = {
			isa = PBXResourcesBuildPhase;
			buildActionMask = 2147483647;
			files = (
				2AB195E324CF18DC00A5B56C /* Comic.storyboard in Resources */,
				2AB195A024C9EE0D00A5B56C /* LaunchScreen.storyboard in Resources */,
				2AB195CD24CB26DD00A5B56C /* Character.storyboard in Resources */,
				2AB1959D24C9EE0D00A5B56C /* Assets.xcassets in Resources */,
				2AB1959B24C9EE0A00A5B56C /* Main.storyboard in Resources */,
				2AB195BF24C9F13D00A5B56C /* CharacterTableViewCell.xib in Resources */,
			);
			runOnlyForDeploymentPostprocessing = 0;
		};
		2AB195A424C9EE0E00A5B56C /* Resources */ = {
			isa = PBXResourcesBuildPhase;
			buildActionMask = 2147483647;
			files = (
			);
			runOnlyForDeploymentPostprocessing = 0;
		};
/* End PBXResourcesBuildPhase section */

/* Begin PBXShellScriptBuildPhase section */
		08FD875C59D86DAF444A17E9 /* [CP] Embed Pods Frameworks */ = {
			isa = PBXShellScriptBuildPhase;
			buildActionMask = 2147483647;
			files = (
			);
			inputFileListPaths = (
				"${PODS_ROOT}/Target Support Files/Pods-desafio-ios-gabriel-ferreira/Pods-desafio-ios-gabriel-ferreira-frameworks-${CONFIGURATION}-input-files.xcfilelist",
			);
			name = "[CP] Embed Pods Frameworks";
			outputFileListPaths = (
				"${PODS_ROOT}/Target Support Files/Pods-desafio-ios-gabriel-ferreira/Pods-desafio-ios-gabriel-ferreira-frameworks-${CONFIGURATION}-output-files.xcfilelist",
			);
			runOnlyForDeploymentPostprocessing = 0;
			shellPath = /bin/sh;
			shellScript = "\"${PODS_ROOT}/Target Support Files/Pods-desafio-ios-gabriel-ferreira/Pods-desafio-ios-gabriel-ferreira-frameworks.sh\"\n";
			showEnvVarsInLog = 0;
		};
		1A6D7358978ACA0D529EC006 /* [CP] Check Pods Manifest.lock */ = {
			isa = PBXShellScriptBuildPhase;
			buildActionMask = 2147483647;
			files = (
			);
			inputFileListPaths = (
			);
			inputPaths = (
				"${PODS_PODFILE_DIR_PATH}/Podfile.lock",
				"${PODS_ROOT}/Manifest.lock",
			);
			name = "[CP] Check Pods Manifest.lock";
			outputFileListPaths = (
			);
			outputPaths = (
				"$(DERIVED_FILE_DIR)/Pods-desafio-ios-gabriel-ferreiraTests-checkManifestLockResult.txt",
			);
			runOnlyForDeploymentPostprocessing = 0;
			shellPath = /bin/sh;
			shellScript = "diff \"${PODS_PODFILE_DIR_PATH}/Podfile.lock\" \"${PODS_ROOT}/Manifest.lock\" > /dev/null\nif [ $? != 0 ] ; then\n    # print error to STDERR\n    echo \"error: The sandbox is not in sync with the Podfile.lock. Run 'pod install' or update your CocoaPods installation.\" >&2\n    exit 1\nfi\n# This output is used by Xcode 'outputs' to avoid re-running this script phase.\necho \"SUCCESS\" > \"${SCRIPT_OUTPUT_FILE_0}\"\n";
			showEnvVarsInLog = 0;
		};
		527C070F716BF94D37A37021 /* [CP] Check Pods Manifest.lock */ = {
			isa = PBXShellScriptBuildPhase;
			buildActionMask = 2147483647;
			files = (
			);
			inputFileListPaths = (
			);
			inputPaths = (
				"${PODS_PODFILE_DIR_PATH}/Podfile.lock",
				"${PODS_ROOT}/Manifest.lock",
			);
			name = "[CP] Check Pods Manifest.lock";
			outputFileListPaths = (
			);
			outputPaths = (
				"$(DERIVED_FILE_DIR)/Pods-desafio-ios-gabriel-ferreira-checkManifestLockResult.txt",
			);
			runOnlyForDeploymentPostprocessing = 0;
			shellPath = /bin/sh;
			shellScript = "diff \"${PODS_PODFILE_DIR_PATH}/Podfile.lock\" \"${PODS_ROOT}/Manifest.lock\" > /dev/null\nif [ $? != 0 ] ; then\n    # print error to STDERR\n    echo \"error: The sandbox is not in sync with the Podfile.lock. Run 'pod install' or update your CocoaPods installation.\" >&2\n    exit 1\nfi\n# This output is used by Xcode 'outputs' to avoid re-running this script phase.\necho \"SUCCESS\" > \"${SCRIPT_OUTPUT_FILE_0}\"\n";
			showEnvVarsInLog = 0;
		};
/* End PBXShellScriptBuildPhase section */

/* Begin PBXSourcesBuildPhase section */
		2AB1958C24C9EE0A00A5B56C /* Sources */ = {
			isa = PBXSourcesBuildPhase;
			buildActionMask = 2147483647;
			files = (
				2AB195C124C9F35100A5B56C /* ListPresenter.swift in Sources */,
				2AB195C724CB0ADA00A5B56C /* Service.swift in Sources */,
				2AB195E124CF18CF00A5B56C /* ComicViewController.swift in Sources */,
				2AB1959824C9EE0A00A5B56C /* ListTableViewController.swift in Sources */,
				2AB195C524CB03FE00A5B56C /* Comic.swift in Sources */,
				2AB1959424C9EE0A00A5B56C /* AppDelegate.swift in Sources */,
				2AB195D924CCA63F00A5B56C /* DataType.swift in Sources */,
				2AB195D524CC891A00A5B56C /* ComicList.swift in Sources */,
				2AB195D724CC8EEC00A5B56C /* CharacterPresenter.swift in Sources */,
				2AB195C324CA04D200A5B56C /* Character.swift in Sources */,
				2AB195E624D098A100A5B56C /* ComicPresenter.swift in Sources */,
				2AB195E824D09F4400A5B56C /* Cache.swift in Sources */,
				2AB195D324CB598600A5B56C /* DataContainer.swift in Sources */,
				2AB195CB24CB25EC00A5B56C /* CharacterViewController.swift in Sources */,
				2AB195C924CB120C00A5B56C /* ConnectErrors.swift in Sources */,
				2AB1959624C9EE0A00A5B56C /* SceneDelegate.swift in Sources */,
				2AB195D124CB58E700A5B56C /* DataWrapper.swift in Sources */,
				2AB195BE24C9F13D00A5B56C /* CharacterTableViewCell.swift in Sources */,
				2AB195CF24CB2F9500A5B56C /* Hash.swift in Sources */,
				2A2258D024D232B9004C8738 /* ServiceProtocol.swift in Sources */,
			);
			runOnlyForDeploymentPostprocessing = 0;
		};
		2AB195A224C9EE0E00A5B56C /* Sources */ = {
			isa = PBXSourcesBuildPhase;
			buildActionMask = 2147483647;
			files = (
				2AA6924424D233F000316933 /* ServiceMock.swift in Sources */,
				2AA6924824D23F1F00316933 /* DesafioAsyncTest.swift in Sources */,
				2AA6924624D23D4200316933 /* DesafioCharacterSyncTest.swift in Sources */,
			);
			runOnlyForDeploymentPostprocessing = 0;
		};
/* End PBXSourcesBuildPhase section */

/* Begin PBXTargetDependency section */
		2AB195A824C9EE0E00A5B56C /* PBXTargetDependency */ = {
			isa = PBXTargetDependency;
			target = 2AB1958F24C9EE0A00A5B56C /* desafio-ios-gabriel-ferreira */;
			targetProxy = 2AB195A724C9EE0E00A5B56C /* PBXContainerItemProxy */;
		};
/* End PBXTargetDependency section */

/* Begin PBXVariantGroup section */
		2AB1959924C9EE0A00A5B56C /* Main.storyboard */ = {
			isa = PBXVariantGroup;
			children = (
				2AB1959A24C9EE0A00A5B56C /* Base */,
			);
			name = Main.storyboard;
			sourceTree = "<group>";
		};
		2AB1959E24C9EE0D00A5B56C /* LaunchScreen.storyboard */ = {
			isa = PBXVariantGroup;
			children = (
				2AB1959F24C9EE0D00A5B56C /* Base */,
			);
			name = LaunchScreen.storyboard;
			sourceTree = "<group>";
		};
/* End PBXVariantGroup section */

/* Begin XCBuildConfiguration section */
		2AB195AD24C9EE0E00A5B56C /* Debug */ = {
			isa = XCBuildConfiguration;
			buildSettings = {
				ALWAYS_SEARCH_USER_PATHS = NO;
				CLANG_ANALYZER_NONNULL = YES;
				CLANG_ANALYZER_NUMBER_OBJECT_CONVERSION = YES_AGGRESSIVE;
				CLANG_CXX_LANGUAGE_STANDARD = "gnu++14";
				CLANG_CXX_LIBRARY = "libc++";
				CLANG_ENABLE_MODULES = YES;
				CLANG_ENABLE_OBJC_ARC = YES;
				CLANG_ENABLE_OBJC_WEAK = YES;
				CLANG_WARN_BLOCK_CAPTURE_AUTORELEASING = YES;
				CLANG_WARN_BOOL_CONVERSION = YES;
				CLANG_WARN_COMMA = YES;
				CLANG_WARN_CONSTANT_CONVERSION = YES;
				CLANG_WARN_DEPRECATED_OBJC_IMPLEMENTATIONS = YES;
				CLANG_WARN_DIRECT_OBJC_ISA_USAGE = YES_ERROR;
				CLANG_WARN_DOCUMENTATION_COMMENTS = YES;
				CLANG_WARN_EMPTY_BODY = YES;
				CLANG_WARN_ENUM_CONVERSION = YES;
				CLANG_WARN_INFINITE_RECURSION = YES;
				CLANG_WARN_INT_CONVERSION = YES;
				CLANG_WARN_NON_LITERAL_NULL_CONVERSION = YES;
				CLANG_WARN_OBJC_IMPLICIT_RETAIN_SELF = YES;
				CLANG_WARN_OBJC_LITERAL_CONVERSION = YES;
				CLANG_WARN_OBJC_ROOT_CLASS = YES_ERROR;
				CLANG_WARN_RANGE_LOOP_ANALYSIS = YES;
				CLANG_WARN_STRICT_PROTOTYPES = YES;
				CLANG_WARN_SUSPICIOUS_MOVE = YES;
				CLANG_WARN_UNGUARDED_AVAILABILITY = YES_AGGRESSIVE;
				CLANG_WARN_UNREACHABLE_CODE = YES;
				CLANG_WARN__DUPLICATE_METHOD_MATCH = YES;
				COPY_PHASE_STRIP = NO;
				DEBUG_INFORMATION_FORMAT = dwarf;
				ENABLE_STRICT_OBJC_MSGSEND = YES;
				ENABLE_TESTABILITY = YES;
				GCC_C_LANGUAGE_STANDARD = gnu11;
				GCC_DYNAMIC_NO_PIC = NO;
				GCC_NO_COMMON_BLOCKS = YES;
				GCC_OPTIMIZATION_LEVEL = 0;
				GCC_PREPROCESSOR_DEFINITIONS = (
					"DEBUG=1",
					"$(inherited)",
				);
				GCC_WARN_64_TO_32_BIT_CONVERSION = YES;
				GCC_WARN_ABOUT_RETURN_TYPE = YES_ERROR;
				GCC_WARN_UNDECLARED_SELECTOR = YES;
				GCC_WARN_UNINITIALIZED_AUTOS = YES_AGGRESSIVE;
				GCC_WARN_UNUSED_FUNCTION = YES;
				GCC_WARN_UNUSED_VARIABLE = YES;
				IPHONEOS_DEPLOYMENT_TARGET = 13.5;
				MTL_ENABLE_DEBUG_INFO = INCLUDE_SOURCE;
				MTL_FAST_MATH = YES;
				ONLY_ACTIVE_ARCH = YES;
				SDKROOT = iphoneos;
				SWIFT_ACTIVE_COMPILATION_CONDITIONS = DEBUG;
				SWIFT_OPTIMIZATION_LEVEL = "-Onone";
			};
			name = Debug;
		};
		2AB195AE24C9EE0E00A5B56C /* Release */ = {
			isa = XCBuildConfiguration;
			buildSettings = {
				ALWAYS_SEARCH_USER_PATHS = NO;
				CLANG_ANALYZER_NONNULL = YES;
				CLANG_ANALYZER_NUMBER_OBJECT_CONVERSION = YES_AGGRESSIVE;
				CLANG_CXX_LANGUAGE_STANDARD = "gnu++14";
				CLANG_CXX_LIBRARY = "libc++";
				CLANG_ENABLE_MODULES = YES;
				CLANG_ENABLE_OBJC_ARC = YES;
				CLANG_ENABLE_OBJC_WEAK = YES;
				CLANG_WARN_BLOCK_CAPTURE_AUTORELEASING = YES;
				CLANG_WARN_BOOL_CONVERSION = YES;
				CLANG_WARN_COMMA = YES;
				CLANG_WARN_CONSTANT_CONVERSION = YES;
				CLANG_WARN_DEPRECATED_OBJC_IMPLEMENTATIONS = YES;
				CLANG_WARN_DIRECT_OBJC_ISA_USAGE = YES_ERROR;
				CLANG_WARN_DOCUMENTATION_COMMENTS = YES;
				CLANG_WARN_EMPTY_BODY = YES;
				CLANG_WARN_ENUM_CONVERSION = YES;
				CLANG_WARN_INFINITE_RECURSION = YES;
				CLANG_WARN_INT_CONVERSION = YES;
				CLANG_WARN_NON_LITERAL_NULL_CONVERSION = YES;
				CLANG_WARN_OBJC_IMPLICIT_RETAIN_SELF = YES;
				CLANG_WARN_OBJC_LITERAL_CONVERSION = YES;
				CLANG_WARN_OBJC_ROOT_CLASS = YES_ERROR;
				CLANG_WARN_RANGE_LOOP_ANALYSIS = YES;
				CLANG_WARN_STRICT_PROTOTYPES = YES;
				CLANG_WARN_SUSPICIOUS_MOVE = YES;
				CLANG_WARN_UNGUARDED_AVAILABILITY = YES_AGGRESSIVE;
				CLANG_WARN_UNREACHABLE_CODE = YES;
				CLANG_WARN__DUPLICATE_METHOD_MATCH = YES;
				COPY_PHASE_STRIP = NO;
				DEBUG_INFORMATION_FORMAT = "dwarf-with-dsym";
				ENABLE_NS_ASSERTIONS = NO;
				ENABLE_STRICT_OBJC_MSGSEND = YES;
				GCC_C_LANGUAGE_STANDARD = gnu11;
				GCC_NO_COMMON_BLOCKS = YES;
				GCC_WARN_64_TO_32_BIT_CONVERSION = YES;
				GCC_WARN_ABOUT_RETURN_TYPE = YES_ERROR;
				GCC_WARN_UNDECLARED_SELECTOR = YES;
				GCC_WARN_UNINITIALIZED_AUTOS = YES_AGGRESSIVE;
				GCC_WARN_UNUSED_FUNCTION = YES;
				GCC_WARN_UNUSED_VARIABLE = YES;
				IPHONEOS_DEPLOYMENT_TARGET = 13.5;
				MTL_ENABLE_DEBUG_INFO = NO;
				MTL_FAST_MATH = YES;
				SDKROOT = iphoneos;
				SWIFT_COMPILATION_MODE = wholemodule;
				SWIFT_OPTIMIZATION_LEVEL = "-O";
				VALIDATE_PRODUCT = YES;
			};
			name = Release;
		};
		2AB195B024C9EE0E00A5B56C /* Debug */ = {
			isa = XCBuildConfiguration;
			baseConfigurationReference = 9A364FEF6E0A6F76B7CF1957 /* Pods-desafio-ios-gabriel-ferreira.debug.xcconfig */;
			buildSettings = {
				ASSETCATALOG_COMPILER_APPICON_NAME = AppIcon;
				CODE_SIGN_STYLE = Automatic;
				DEVELOPMENT_TEAM = C7CS39R779;
				INFOPLIST_FILE = "desafio-ios-gabriel-ferreira/Info.plist";
				IPHONEOS_DEPLOYMENT_TARGET = 13.0;
				LD_RUNPATH_SEARCH_PATHS = (
					"$(inherited)",
					"@executable_path/Frameworks",
				);
				PRODUCT_BUNDLE_IDENTIFIER = "gabrielferreira.desafio-ios-gabriel-ferreira";
				PRODUCT_NAME = "$(TARGET_NAME)";
				SWIFT_VERSION = 5.0;
				TARGETED_DEVICE_FAMILY = 1;
			};
			name = Debug;
		};
		2AB195B124C9EE0E00A5B56C /* Release */ = {
			isa = XCBuildConfiguration;
			baseConfigurationReference = 1C2E1EB21591272652EB65EC /* Pods-desafio-ios-gabriel-ferreira.release.xcconfig */;
			buildSettings = {
				ASSETCATALOG_COMPILER_APPICON_NAME = AppIcon;
				CODE_SIGN_STYLE = Automatic;
				DEVELOPMENT_TEAM = C7CS39R779;
				INFOPLIST_FILE = "desafio-ios-gabriel-ferreira/Info.plist";
				IPHONEOS_DEPLOYMENT_TARGET = 13.0;
				LD_RUNPATH_SEARCH_PATHS = (
					"$(inherited)",
					"@executable_path/Frameworks",
				);
				PRODUCT_BUNDLE_IDENTIFIER = "gabrielferreira.desafio-ios-gabriel-ferreira";
				PRODUCT_NAME = "$(TARGET_NAME)";
				SWIFT_VERSION = 5.0;
				TARGETED_DEVICE_FAMILY = 1;
			};
			name = Release;
		};
		2AB195B324C9EE0E00A5B56C /* Debug */ = {
			isa = XCBuildConfiguration;
			baseConfigurationReference = 84BD47F08C43CFC63CEF9001 /* Pods-desafio-ios-gabriel-ferreiraTests.debug.xcconfig */;
			buildSettings = {
				ALWAYS_EMBED_SWIFT_STANDARD_LIBRARIES = YES;
				BUNDLE_LOADER = "$(TEST_HOST)";
				CODE_SIGN_STYLE = Automatic;
				DEVELOPMENT_TEAM = C7CS39R779;
				INFOPLIST_FILE = "desafio-ios-gabriel-ferreiraTests/Info.plist";
				IPHONEOS_DEPLOYMENT_TARGET = 13.5;
				LD_RUNPATH_SEARCH_PATHS = (
					"$(inherited)",
					"@executable_path/Frameworks",
					"@loader_path/Frameworks",
				);
				PRODUCT_BUNDLE_IDENTIFIER = "gabrielferreira.desafio-ios-gabriel-ferreiraTests";
				PRODUCT_NAME = "$(TARGET_NAME)";
				SWIFT_VERSION = 5.0;
				TARGETED_DEVICE_FAMILY = "1,2";
				TEST_HOST = "$(BUILT_PRODUCTS_DIR)/desafio-ios-gabriel-ferreira.app/desafio-ios-gabriel-ferreira";
			};
			name = Debug;
		};
		2AB195B424C9EE0E00A5B56C /* Release */ = {
			isa = XCBuildConfiguration;
			baseConfigurationReference = 12D33CBFF154BE6A1AB39C16 /* Pods-desafio-ios-gabriel-ferreiraTests.release.xcconfig */;
			buildSettings = {
				ALWAYS_EMBED_SWIFT_STANDARD_LIBRARIES = YES;
				BUNDLE_LOADER = "$(TEST_HOST)";
				CODE_SIGN_STYLE = Automatic;
				DEVELOPMENT_TEAM = C7CS39R779;
				INFOPLIST_FILE = "desafio-ios-gabriel-ferreiraTests/Info.plist";
				IPHONEOS_DEPLOYMENT_TARGET = 13.5;
				LD_RUNPATH_SEARCH_PATHS = (
					"$(inherited)",
					"@executable_path/Frameworks",
					"@loader_path/Frameworks",
				);
				PRODUCT_BUNDLE_IDENTIFIER = "gabrielferreira.desafio-ios-gabriel-ferreiraTests";
				PRODUCT_NAME = "$(TARGET_NAME)";
				SWIFT_VERSION = 5.0;
				TARGETED_DEVICE_FAMILY = "1,2";
				TEST_HOST = "$(BUILT_PRODUCTS_DIR)/desafio-ios-gabriel-ferreira.app/desafio-ios-gabriel-ferreira";
			};
			name = Release;
		};
/* End XCBuildConfiguration section */

/* Begin XCConfigurationList section */
		2AB1958B24C9EE0A00A5B56C /* Build configuration list for PBXProject "desafio-ios-gabriel-ferreira" */ = {
			isa = XCConfigurationList;
			buildConfigurations = (
				2AB195AD24C9EE0E00A5B56C /* Debug */,
				2AB195AE24C9EE0E00A5B56C /* Release */,
			);
			defaultConfigurationIsVisible = 0;
			defaultConfigurationName = Release;
		};
		2AB195AF24C9EE0E00A5B56C /* Build configuration list for PBXNativeTarget "desafio-ios-gabriel-ferreira" */ = {
			isa = XCConfigurationList;
			buildConfigurations = (
				2AB195B024C9EE0E00A5B56C /* Debug */,
				2AB195B124C9EE0E00A5B56C /* Release */,
			);
			defaultConfigurationIsVisible = 0;
			defaultConfigurationName = Release;
		};
		2AB195B224C9EE0E00A5B56C /* Build configuration list for PBXNativeTarget "desafio-ios-gabriel-ferreiraTests" */ = {
			isa = XCConfigurationList;
			buildConfigurations = (
				2AB195B324C9EE0E00A5B56C /* Debug */,
				2AB195B424C9EE0E00A5B56C /* Release */,
			);
			defaultConfigurationIsVisible = 0;
			defaultConfigurationName = Release;
		};
/* End XCConfigurationList section */
	};
	rootObject = 2AB1958824C9EE0A00A5B56C /* Project object */;
}
